
Microsoft Visual Studio Solution File, Format Version 12.00
# Visual Studio Version 17
VisualStudioVersion = 17.10.35013.160
MinimumVisualStudioVersion = 10.0.40219.1
Project("{9A19103F-16F7-4668-BE54-9A1E7A4F7556}") = "Domain", "Domain\Domain.csproj", "{4F593B9D-4DA6-414A-A607-2C0CEF3656A0}"
EndProject
Project("{9A19103F-16F7-4668-BE54-9A1E7A4F7556}") = "Ecommerce-BE", "Ecommerce-BE\Ecommerce-BE.csproj", "{C730D80E-8F73-4F0F-85A5-D2A1C73E7746}"
EndProject
Project("{9A19103F-16F7-4668-BE54-9A1E7A4F7556}") = "Data", "Data\Data.csproj", "{CDBC46BF-1A42-416D-AE1C-054B7B51C377}"
EndProject
Project("{9A19103F-16F7-4668-BE54-9A1E7A4F7556}") = "CustomerUI", "CustomerUI\CustomerUI.csproj", "{76273B05-637D-403F-8165-2A271DC83CDA}"
EndProject
Project("{FAE04EC0-301F-11D3-BF4B-00C04F79EFBC}") = "AdminManager", "AdminManager\AdminManager.csproj", "{EEF78816-3EDA-4631-82D0-54CAD8C134BB}"
EndProject
Global
	GlobalSection(SolutionConfigurationPlatforms) = preSolution
		Debug|Any CPU = Debug|Any CPU
		Release|Any CPU = Release|Any CPU
	EndGlobalSection
	GlobalSection(ProjectConfigurationPlatforms) = postSolution
		{4F593B9D-4DA6-414A-A607-2C0CEF3656A0}.Debug|Any CPU.ActiveCfg = Debug|Any CPU
		{4F593B9D-4DA6-414A-A607-2C0CEF3656A0}.Debug|Any CPU.Build.0 = Debug|Any CPU
		{4F593B9D-4DA6-414A-A607-2C0CEF3656A0}.Release|Any CPU.ActiveCfg = Release|Any CPU
		{4F593B9D-4DA6-414A-A607-2C0CEF3656A0}.Release|Any CPU.Build.0 = Release|Any CPU
		{C730D80E-8F73-4F0F-85A5-D2A1C73E7746}.Debug|Any CPU.ActiveCfg = Debug|Any CPU
		{C730D80E-8F73-4F0F-85A5-D2A1C73E7746}.Debug|Any CPU.Build.0 = Debug|Any CPU
		{C730D80E-8F73-4F0F-85A5-D2A1C73E7746}.Release|Any CPU.ActiveCfg = Release|Any CPU
		{C730D80E-8F73-4F0F-85A5-D2A1C73E7746}.Release|Any CPU.Build.0 = Release|Any CPU
		{CDBC46BF-1A42-416D-AE1C-054B7B51C377}.Debug|Any CPU.ActiveCfg = Debug|Any CPU
		{CDBC46BF-1A42-416D-AE1C-054B7B51C377}.Debug|Any CPU.Build.0 = Debug|Any CPU
		{CDBC46BF-1A42-416D-AE1C-054B7B51C377}.Release|Any CPU.ActiveCfg = Release|Any CPU
		{CDBC46BF-1A42-416D-AE1C-054B7B51C377}.Release|Any CPU.Build.0 = Release|Any CPU
		{76273B05-637D-403F-8165-2A271DC83CDA}.Debug|Any CPU.ActiveCfg = Debug|Any CPU
		{76273B05-637D-403F-8165-2A271DC83CDA}.Debug|Any CPU.Build.0 = Debug|Any CPU
		{76273B05-637D-403F-8165-2A271DC83CDA}.Release|Any CPU.ActiveCfg = Release|Any CPU
		{76273B05-637D-403F-8165-2A271DC83CDA}.Release|Any CPU.Build.0 = Release|Any CPU
		{EEF78816-3EDA-4631-82D0-54CAD8C134BB}.Debug|Any CPU.ActiveCfg = Debug|Any CPU
		{EEF78816-3EDA-4631-82D0-54CAD8C134BB}.Debug|Any CPU.Build.0 = Debug|Any CPU
		{EEF78816-3EDA-4631-82D0-54CAD8C134BB}.Release|Any CPU.ActiveCfg = Release|Any CPU
		{EEF78816-3EDA-4631-82D0-54CAD8C134BB}.Release|Any CPU.Build.0 = Release|Any CPU
	EndGlobalSection
	GlobalSection(SolutionProperties) = preSolution
		HideSolutionNode = FALSE
	EndGlobalSection
	GlobalSection(ExtensibilityGlobals) = postSolution
		SolutionGuid = {96A24418-1D01-4886-84FF-B730E5332F19}
	EndGlobalSection
EndGlobal
